
Microsoft Visual Studio Solution File, Format Version 12.00
# Visual Studio Version 16
VisualStudioVersion = 16.0.31410.357
MinimumVisualStudioVersion = 10.0.40219.1
Project("{9A19103F-16F7-4668-BE54-9A1E7A4F7556}") = "01.Client", "Client\01.Client.csproj", "{3585EB47-20E6-49F7-B46F-98C6810CF1F7}"
EndProject
Project("{9A19103F-16F7-4668-BE54-9A1E7A4F7556}") = "01.Server", "Server\01.Server.csproj", "{0993FDA1-208A-4A12-AEDA-4AC3C7D4B826}"
EndProject
Project("{FAE04EC0-301F-11D3-BF4B-00C04F79EFBC}") = "02.KCPTest", "KCPTest\02.KCPTest.csproj", "{96E35C2E-1284-4789-ADB5-B6E03D89F207}"
EndProject
Global
	GlobalSection(SolutionConfigurationPlatforms) = preSolution
		Debug|Any CPU = Debug|Any CPU
		Release|Any CPU = Release|Any CPU
	EndGlobalSection
	GlobalSection(ProjectConfigurationPlatforms) = postSolution
		{3585EB47-20E6-49F7-B46F-98C6810CF1F7}.Debug|Any CPU.ActiveCfg = Debug|Any CPU
		{3585EB47-20E6-49F7-B46F-98C6810CF1F7}.Debug|Any CPU.Build.0 = Debug|Any CPU
		{3585EB47-20E6-49F7-B46F-98C6810CF1F7}.Release|Any CPU.ActiveCfg = Release|Any CPU
		{3585EB47-20E6-49F7-B46F-98C6810CF1F7}.Release|Any CPU.Build.0 = Release|Any CPU
		{0993FDA1-208A-4A12-AEDA-4AC3C7D4B826}.Debug|Any CPU.ActiveCfg = Debug|Any CPU
		{0993FDA1-208A-4A12-AEDA-4AC3C7D4B826}.Debug|Any CPU.Build.0 = Debug|Any CPU
		{0993FDA1-208A-4A12-AEDA-4AC3C7D4B826}.Release|Any CPU.ActiveCfg = Release|Any CPU
		{0993FDA1-208A-4A12-AEDA-4AC3C7D4B826}.Release|Any CPU.Build.0 = Release|Any CPU
		{96E35C2E-1284-4789-ADB5-B6E03D89F207}.Debug|Any CPU.ActiveCfg = Debug|Any CPU
		{96E35C2E-1284-4789-ADB5-B6E03D89F207}.Debug|Any CPU.Build.0 = Debug|Any CPU
		{96E35C2E-1284-4789-ADB5-B6E03D89F207}.Release|Any CPU.ActiveCfg = Release|Any CPU
		{96E35C2E-1284-4789-ADB5-B6E03D89F207}.Release|Any CPU.Build.0 = Release|Any CPU
	EndGlobalSection
	GlobalSection(SolutionProperties) = preSolution
		HideSolutionNode = FALSE
	EndGlobalSection
	GlobalSection(ExtensibilityGlobals) = postSolution
		SolutionGuid = {FFCE6F03-EEAD-4B96-B66A-B3A256361576}
	EndGlobalSection
EndGlobal
